
Microsoft Visual Studio Solution File, Format Version 12.00
# Visual Studio 14
VisualStudioVersion = 14.0.25420.1
MinimumVisualStudioVersion = 10.0.40219.1
Project("{FAE04EC0-301F-11D3-BF4B-00C04F79EFBC}") = "ShoppingCart.Web", "ShoppingCart.Web\ShoppingCart.Web.csproj", "{8DF555B6-F4DA-4DF6-9ACD-26FE0CF9DED3}"
EndProject
Project("{FAE04EC0-301F-11D3-BF4B-00C04F79EFBC}") = "ShoppingCart.Data", "ShoppingCart.Data\ShoppingCart.Data.csproj", "{6EB7F607-94EF-4259-88C8-583BFE142B5A}"
EndProject
Project("{FAE04EC0-301F-11D3-BF4B-00C04F79EFBC}") = "ShoppingCart.Service", "ShoppingCart.Service\ShoppingCart.Service.csproj", "{AD999EB5-C88F-465B-BC7B-5BEBC9FD9948}"
EndProject
Project("{FAE04EC0-301F-11D3-BF4B-00C04F79EFBC}") = "UnitTest", "UnitTest\UnitTest.csproj", "{A8E645CF-4E4B-4461-83FA-9327A1BFA01E}"
EndProject
Global
	GlobalSection(SolutionConfigurationPlatforms) = preSolution
		Debug|Any CPU = Debug|Any CPU
		Release|Any CPU = Release|Any CPU
	EndGlobalSection
	GlobalSection(ProjectConfigurationPlatforms) = postSolution
		{8DF555B6-F4DA-4DF6-9ACD-26FE0CF9DED3}.Debug|Any CPU.ActiveCfg = Debug|Any CPU
		{8DF555B6-F4DA-4DF6-9ACD-26FE0CF9DED3}.Debug|Any CPU.Build.0 = Debug|Any CPU
		{8DF555B6-F4DA-4DF6-9ACD-26FE0CF9DED3}.Release|Any CPU.ActiveCfg = Release|Any CPU
		{8DF555B6-F4DA-4DF6-9ACD-26FE0CF9DED3}.Release|Any CPU.Build.0 = Release|Any CPU
		{6EB7F607-94EF-4259-88C8-583BFE142B5A}.Debug|Any CPU.ActiveCfg = Debug|Any CPU
		{6EB7F607-94EF-4259-88C8-583BFE142B5A}.Debug|Any CPU.Build.0 = Debug|Any CPU
		{6EB7F607-94EF-4259-88C8-583BFE142B5A}.Release|Any CPU.ActiveCfg = Release|Any CPU
		{6EB7F607-94EF-4259-88C8-583BFE142B5A}.Release|Any CPU.Build.0 = Release|Any CPU
		{AD999EB5-C88F-465B-BC7B-5BEBC9FD9948}.Debug|Any CPU.ActiveCfg = Debug|Any CPU
		{AD999EB5-C88F-465B-BC7B-5BEBC9FD9948}.Debug|Any CPU.Build.0 = Debug|Any CPU
		{AD999EB5-C88F-465B-BC7B-5BEBC9FD9948}.Release|Any CPU.ActiveCfg = Release|Any CPU
		{AD999EB5-C88F-465B-BC7B-5BEBC9FD9948}.Release|Any CPU.Build.0 = Release|Any CPU
		{A8E645CF-4E4B-4461-83FA-9327A1BFA01E}.Debug|Any CPU.ActiveCfg = Debug|Any CPU
		{A8E645CF-4E4B-4461-83FA-9327A1BFA01E}.Debug|Any CPU.Build.0 = Debug|Any CPU
		{A8E645CF-4E4B-4461-83FA-9327A1BFA01E}.Release|Any CPU.ActiveCfg = Release|Any CPU
		{A8E645CF-4E4B-4461-83FA-9327A1BFA01E}.Release|Any CPU.Build.0 = Release|Any CPU
	EndGlobalSection
	GlobalSection(SolutionProperties) = preSolution
		HideSolutionNode = FALSE
	EndGlobalSection
EndGlobal
